{
  "nodes": {
    "babel": {
      "inputs": {
        "nixpkgs": [
          "nixpkgs"
        ],
        "treefmt": "treefmt"
      },
      "locked": {
        "lastModified": 1744784442,
        "narHash": "sha256-JuxlbvsEMwLb2d5yPDzgq4uZk+t6DLB/SQhF+6W063k=",
        "owner": "dysthesis",
        "repo": "babel",
        "rev": "f45266e5e955f0928691c945921b6979ac940c6f",
        "type": "github"
      },
      "original": {
        "owner": "dysthesis",
        "repo": "babel",
        "type": "github"
      }
    },
    "emacs-overlay": {
      "inputs": {
        "nixpkgs": [
          "nixpkgs"
        ],
        "nixpkgs-stable": [
          "nixpkgs"
        ]
      },
      "locked": {
        "lastModified": 1745511950,
        "narHash": "sha256-vO7gtC4nVqfTf1ZEg9gksds/Xesvim4qy+8ewF91ufo=",
        "owner": "nix-community",
        "repo": "emacs-overlay",
        "rev": "2e939b25ef18fd3efbd60829fc7f87c8235cdd40",
        "type": "github"
      },
      "original": {
        "owner": "nix-community",
        "repo": "emacs-overlay",
        "type": "github"
      }
    },
    "nixpkgs": {
      "locked": {
        "lastModified": 1745538888,
        "narHash": "sha256-ToGwfcHyKlK1VUBh2TISuYaIrA3oNvu3FTDDV0DA2Lo=",
        "owner": "NixOS",
        "repo": "nixpkgs",
        "rev": "0ccfcfcbe5959614a18d86add0f7936dca844a86",
        "type": "github"
      },
      "original": {
        "owner": "NixOS",
        "repo": "nixpkgs",
        "type": "github"
      }
    },
    "root": {
      "inputs": {
        "babel": "babel",
        "emacs-overlay": "emacs-overlay",
        "nixpkgs": "nixpkgs",
        "treefmt-nix": "treefmt-nix"
      }
    },
    "treefmt": {
      "inputs": {
        "nixpkgs": [
          "babel",
          "nixpkgs"
        ]
      },
      "locked": {
        "lastModified": 1742370146,
        "narHash": "sha256-XRE8hL4vKIQyVMDXykFh4ceo3KSpuJF3ts8GKwh5bIU=",
        "owner": "numtide",
        "repo": "treefmt-nix",
        "rev": "adc195eef5da3606891cedf80c0d9ce2d3190808",
        "type": "github"
      },
      "original": {
        "owner": "numtide",
        "repo": "treefmt-nix",
        "type": "github"
      }
    },
    "treefmt-nix": {
      "inputs": {
        "nixpkgs": [
          "nixpkgs"
        ]
      },
      "locked": {
        "lastModified": 1744961264,
        "narHash": "sha256-aRmUh0AMwcbdjJHnytg1e5h5ECcaWtIFQa6d9gI85AI=",
        "owner": "numtide",
        "repo": "treefmt-nix",
        "rev": "8d404a69efe76146368885110f29a2ca3700bee6",
        "type": "github"
      },
      "original": {
        "owner": "numtide",
        "repo": "treefmt-nix",
        "type": "github"
      }
    }
  },
  "root": "root",
  "version": 7
}
